{
  "name": "spiders",
  "version": "1.0.0",
  "lockfileVersion": 1,
  "requires": true,
  "dependencies": {
    "@types/cheerio": {
      "version": "0.22.16",
      "resolved": "https://registry.npm.taobao.org/@types/cheerio/download/@types/cheerio-0.22.16.tgz",
      "integrity": "sha1-x0ipe4pveBsEu9pKVS4Rs1vMd+Q=",
      "dev": true,
      "requires": {
        "@types/node": "*"
      }
    },
    "@types/cookiejar": {
      "version": "2.1.1",
      "resolved": "https://registry.npm.taobao.org/@types/cookiejar/download/@types/cookiejar-2.1.1.tgz",
      "integrity": "sha1-kLaERjZLr579joNJuza9OFK3W4A=",
      "dev": true
    },
    "@types/node": {
      "version": "13.7.1",
      "resolved": "https://registry.npm.taobao.org/@types/node/download/@types/node-13.7.1.tgz?cache=0&other_urls=https%3A%2F%2Fregistry.npm.taobao.org%2F%40types%2Fnode%2Fdownload%2F%40types%2Fnode-13.7.1.tgz",
      "integrity": "sha1-I46zSmZDG3HSqt3qp9sWbyWXGg0=",
      "dev": true
    },
    "@types/superagent": {
      "version": "4.1.6",
      "resolved": "https://registry.npm.taobao.org/@types/superagent/download/@types/superagent-4.1.6.tgz",
      "integrity": "sha1-FjRAY+CSQDFsMDpPvCbej5uThGM=",
      "dev": true,
      "requires": {
        "@types/cookiejar": "*",
        "@types/node": "*"
      }
    },
    "asynckit": {
      "version": "0.4.0",
      "resolved": "https://registry.npm.taobao.org/asynckit/download/asynckit-0.4.0.tgz",
      "integrity": "sha1-x57Zf380y48robyXkLzDZkdLS3k=",
      "dev": true
    },
    "boolbase": {
      "version": "1.0.0",
      "resolved": "https://registry.npm.taobao.org/boolbase/download/boolbase-1.0.0.tgz",
      "integrity": "sha1-aN/1++YMUes3cl6p4+0xDcwed24=",
      "dev": true
    },
    "call-bind": {
      "version": "1.0.2",
      "resolved": "https://registry.npmmirror.com/call-bind/-/call-bind-1.0.2.tgz",
      "integrity": "sha512-7O+FbCihrB5WGbFYesctwmTKae6rOiIzmz1icreWJ+0aA7LJfuqhEso2T9ncpcFtzMQtzXf2QGGueWJGTYsqrA==",
      "dev": true,
      "requires": {
        "function-bind": "^1.1.1",
        "get-intrinsic": "^1.0.2"
      }
    },
    "cheerio": {
      "version": "1.0.0-rc.3",
      "resolved": "https://registry.npm.taobao.org/cheerio/download/cheerio-1.0.0-rc.3.tgz",
      "integrity": "sha1-CUY21CWy6cD065GkbAVjDJoai/Y=",
      "dev": true,
      "requires": {
        "css-select": "~1.2.0",
        "dom-serializer": "~0.1.1",
        "entities": "~1.1.1",
        "htmlparser2": "^3.9.1",
        "lodash": "^4.15.0",
        "parse5": "^3.0.1"
      }
    },
    "combined-stream": {
      "version": "1.0.8",
      "resolved": "https://registry.npm.taobao.org/combined-stream/download/combined-stream-1.0.8.tgz",
      "integrity": "sha1-w9RaizT9cwYxoRCoolIGgrMdWn8=",
      "dev": true,
      "requires": {
        "delayed-stream": "~1.0.0"
      }
    },
    "component-emitter": {
      "version": "1.3.0",
      "resolved": "https://registry.npm.taobao.org/component-emitter/download/component-emitter-1.3.0.tgz",
      "integrity": "sha1-FuQHD7qK4ptnnyIVhT7hgasuq8A=",
      "dev": true
    },
    "cookiejar": {
      "version": "2.1.2",
      "resolved": "https://registry.npm.taobao.org/cookiejar/download/cookiejar-2.1.2.tgz",
      "integrity": "sha1-3YojVTB1L5iPmghE8/xYnjERElw=",
      "dev": true
    },
    "css-select": {
      "version": "1.2.0",
      "resolved": "https://registry.npm.taobao.org/css-select/download/css-select-1.2.0.tgz",
      "integrity": "sha1-KzoRBTnFNV8c2NMUYj6HCxIeyFg=",
      "dev": true,
      "requires": {
        "boolbase": "~1.0.0",
        "css-what": "2.1",
        "domutils": "1.5.1",
        "nth-check": "~1.0.1"
      }
    },
    "css-what": {
      "version": "2.1.3",
      "resolved": "https://registry.npm.taobao.org/css-what/download/css-what-2.1.3.tgz?cache=0&other_urls=https%3A%2F%2Fregistry.npm.taobao.org%2Fcss-what%2Fdownload%2Fcss-what-2.1.3.tgz",
      "integrity": "sha1-ptdgRXM2X+dGhsPzEcVlE9iChfI=",
      "dev": true
    },
    "debug": {
      "version": "4.1.1",
      "resolved": "https://registry.npm.taobao.org/debug/download/debug-4.1.1.tgz",
      "integrity": "sha1-O3ImAlUQnGtYnO4FDx1RYTlmR5E=",
      "dev": true,
      "requires": {
        "ms": "^2.1.1"
      }
    },
    "delayed-stream": {
      "version": "1.0.0",
      "resolved": "https://registry.npm.taobao.org/delayed-stream/download/delayed-stream-1.0.0.tgz",
      "integrity": "sha1-3zrhmayt+31ECqrgsp4icrJOxhk=",
      "dev": true
    },
    "dom-serializer": {
      "version": "0.1.1",
      "resolved": "https://registry.npm.taobao.org/dom-serializer/download/dom-serializer-0.1.1.tgz",
      "integrity": "sha1-HsQFnihLq+027sKUHUqXChic58A=",
      "dev": true,
      "requires": {
        "domelementtype": "^1.3.0",
        "entities": "^1.1.1"
      }
    },
    "domelementtype": {
      "version": "1.3.1",
      "resolved": "https://registry.npm.taobao.org/domelementtype/download/domelementtype-1.3.1.tgz",
      "integrity": "sha1-0EjESzew0Qp/Kj1f7j9DM9eQSB8=",
      "dev": true
    },
    "domhandler": {
      "version": "2.4.2",
      "resolved": "https://registry.npm.taobao.org/domhandler/download/domhandler-2.4.2.tgz",
      "integrity": "sha1-iAUJfpM9ZehVRvcm1g9euItE+AM=",
      "dev": true,
      "requires": {
        "domelementtype": "1"
      }
    },
    "domutils": {
      "version": "1.5.1",
      "resolved": "https://registry.npm.taobao.org/domutils/download/domutils-1.5.1.tgz",
      "integrity": "sha1-3NhIiib1Y9YQeeSMn3t+Mjc2gs8=",
      "dev": true,
      "requires": {
        "dom-serializer": "0",
        "domelementtype": "1"
      }
    },
    "entities": {
      "version": "1.1.2",
      "resolved": "https://registry.npm.taobao.org/entities/download/entities-1.1.2.tgz",
      "integrity": "sha1-vfpzUplmTfr9NFKe1PhSKidf6lY=",
      "dev": true
    },
    "fast-safe-stringify": {
      "version": "2.0.7",
      "resolved": "https://registry.npm.taobao.org/fast-safe-stringify/download/fast-safe-stringify-2.0.7.tgz",
      "integrity": "sha1-EkqohYmSYfaK7bQqfAgN6dpgh0M=",
      "dev": true
    },
    "form-data": {
      "version": "3.0.0",
      "resolved": "https://registry.npm.taobao.org/form-data/download/form-data-3.0.0.tgz",
      "integrity": "sha1-MbfjnIXxNVtxOe4MZHzw3n+DxoI=",
      "dev": true,
      "requires": {
        "asynckit": "^0.4.0",
        "combined-stream": "^1.0.8",
        "mime-types": "^2.1.12"
      }
    },
    "formidable": {
      "version": "1.2.1",
      "resolved": "https://registry.npm.taobao.org/formidable/download/formidable-1.2.1.tgz?cache=0&other_urls=https%3A%2F%2Fregistry.npm.taobao.org%2Fformidable%2Fdownload%2Fformidable-1.2.1.tgz",
      "integrity": "sha1-cPt8oCkO5v+WEJBBX0s989IIJlk=",
      "dev": true
    },
    "function-bind": {
      "version": "1.1.1",
      "resolved": "https://registry.npmmirror.com/function-bind/-/function-bind-1.1.1.tgz",
      "integrity": "sha512-yIovAzMX49sF8Yl58fSCWJ5svSLuaibPxXQJFLmBObTuCr0Mf1KiPopGM9NiFjiYBCbfaa2Fh6breQ6ANVTI0A==",
      "dev": true
    },
    "get-intrinsic": {
      "version": "1.1.3",
      "resolved": "https://registry.npmmirror.com/get-intrinsic/-/get-intrinsic-1.1.3.tgz",
      "integrity": "sha512-QJVz1Tj7MS099PevUG5jvnt9tSkXN8K14dxQlikJuPt4uD9hHAHjLyLBiLR5zELelBdD9QNRAXZzsJx0WaDL9A==",
      "dev": true,
      "requires": {
        "function-bind": "^1.1.1",
        "has": "^1.0.3",
        "has-symbols": "^1.0.3"
      }
    },
    "has": {
      "version": "1.0.3",
      "resolved": "https://registry.npmmirror.com/has/-/has-1.0.3.tgz",
      "integrity": "sha512-f2dvO0VU6Oej7RkWJGrehjbzMAjFp5/VKPp5tTpWIV4JHHZK1/BxbFRtf/siA2SWTe09caDmVtYYzWEIbBS4zw==",
      "dev": true,
      "requires": {
        "function-bind": "^1.1.1"
      }
    },
    "has-symbols": {
      "version": "1.0.3",
      "resolved": "https://registry.npmmirror.com/has-symbols/-/has-symbols-1.0.3.tgz",
      "integrity": "sha512-l3LCuF6MgDNwTDKkdYGEihYjt5pRPbEg46rtlmnSPlUbgmB8LOIrKJbYYFBSbnPaJexMKtiPO8hmeRjRz2Td+A==",
      "dev": true
    },
    "htmlparser2": {
      "version": "3.10.1",
      "resolved": "https://registry.npm.taobao.org/htmlparser2/download/htmlparser2-3.10.1.tgz",
      "integrity": "sha1-vWedw/WYl7ajS7EHSchVu1OpOS8=",
      "dev": true,
      "requires": {
        "domelementtype": "^1.3.1",
        "domhandler": "^2.3.0",
        "domutils": "^1.5.1",
        "entities": "^1.1.1",
        "inherits": "^2.0.1",
        "readable-stream": "^3.1.1"
      }
    },
    "iconv-lite": {
      "version": "0.4.24",
      "resolved": "https://registry.npm.taobao.org/iconv-lite/download/iconv-lite-0.4.24.tgz?cache=0&sync_timestamp=1579333981154&other_urls=https%3A%2F%2Fregistry.npm.taobao.org%2Ficonv-lite%2Fdownload%2Ficonv-lite-0.4.24.tgz",
      "integrity": "sha1-ICK0sl+93CHS9SSXSkdKr+czkIs=",
      "requires": {
        "safer-buffer": ">= 2.1.2 < 3"
      }
    },
    "inherits": {
      "version": "2.0.4",
      "resolved": "https://registry.npm.taobao.org/inherits/download/inherits-2.0.4.tgz",
      "integrity": "sha1-D6LGT5MpF8NDOg3tVTY6rjdBa3w=",
      "dev": true
    },
    "lodash": {
      "version": "4.17.15",
      "resolved": "https://registry.npm.taobao.org/lodash/download/lodash-4.17.15.tgz?cache=0&other_urls=https%3A%2F%2Fregistry.npm.taobao.org%2Flodash%2Fdownload%2Flodash-4.17.15.tgz",
      "integrity": "sha1-tEf2ZwoEVbv+7dETku/zMOoJdUg=",
      "dev": true
    },
    "methods": {
      "version": "1.1.2",
      "resolved": "https://registry.npm.taobao.org/methods/download/methods-1.1.2.tgz",
      "integrity": "sha1-VSmk1nZUE07cxSZmVoNbD4Ua/O4=",
      "dev": true
    },
    "mime": {
      "version": "2.4.4",
      "resolved": "https://registry.npm.taobao.org/mime/download/mime-2.4.4.tgz",
      "integrity": "sha1-vXuRE1/GsBzePpuuM9ZZtj2IV+U=",
      "dev": true
    },
    "mime-db": {
      "version": "1.43.0",
      "resolved": "https://registry.npm.taobao.org/mime-db/download/mime-db-1.43.0.tgz",
      "integrity": "sha1-ChLgUCZQ5HPXNVNQUOfI9OtPrlg=",
      "dev": true
    },
    "mime-types": {
      "version": "2.1.26",
      "resolved": "https://registry.npm.taobao.org/mime-types/download/mime-types-2.1.26.tgz",
      "integrity": "sha1-nJIfwJt+FJpl39wNpNIJlyALCgY=",
      "dev": true,
      "requires": {
        "mime-db": "1.43.0"
      }
    },
    "ms": {
      "version": "2.1.2",
      "resolved": "https://registry.npm.taobao.org/ms/download/ms-2.1.2.tgz",
      "integrity": "sha1-0J0fNXtEP0kzgqjrPM0YOHKuYAk=",
      "dev": true
    },
    "nth-check": {
      "version": "1.0.2",
      "resolved": "https://registry.npm.taobao.org/nth-check/download/nth-check-1.0.2.tgz",
      "integrity": "sha1-sr0pXDfj3VijvwcAN2Zjuk2c8Fw=",
      "dev": true,
      "requires": {
        "boolbase": "~1.0.0"
      }
    },
    "object-inspect": {
      "version": "1.12.2",
      "resolved": "https://registry.npmmirror.com/object-inspect/-/object-inspect-1.12.2.tgz",
      "integrity": "sha512-z+cPxW0QGUp0mcqcsgQyLVRDoXFQbXOwBaqyF7VIgI4TWNQsDHrBpUQslRmIfAoYWdYzs6UlKJtB2XJpTaNSpQ==",
      "dev": true
    },
    "parse5": {
      "version": "3.0.3",
      "resolved": "https://registry.npm.taobao.org/parse5/download/parse5-3.0.3.tgz?cache=0&sync_timestamp=1573036762880&other_urls=https%3A%2F%2Fregistry.npm.taobao.org%2Fparse5%2Fdownload%2Fparse5-3.0.3.tgz",
      "integrity": "sha1-BC95L/3TaFFVHPTp4Gazh0q0W1w=",
      "dev": true,
      "requires": {
        "@types/node": "*"
      }
    },
    "qs": {
      "version": "6.11.0",
      "resolved": "https://registry.npmmirror.com/qs/-/qs-6.11.0.tgz",
      "integrity": "sha512-MvjoMCJwEarSbUYk5O+nmoSzSutSsTwF85zcHPQ9OrlFoZOYIjaqBAJIqIXjptyD5vThxGq52Xu/MaJzRkIk4Q==",
      "dev": true,
      "requires": {
        "side-channel": "^1.0.4"
      }
    },
    "readable-stream": {
      "version": "3.5.0",
      "resolved": "https://registry.npm.taobao.org/readable-stream/download/readable-stream-3.5.0.tgz?cache=0&other_urls=https%3A%2F%2Fregistry.npm.taobao.org%2Freadable-stream%2Fdownload%2Freadable-stream-3.5.0.tgz",
      "integrity": "sha1-Rl1w5tEIf2Fi0HnNC123++v9FgY=",
      "dev": true,
      "requires": {
        "inherits": "^2.0.3",
        "string_decoder": "^1.1.1",
        "util-deprecate": "^1.0.1"
      }
    },
    "safe-buffer": {
      "version": "5.2.0",
      "resolved": "https://registry.npm.taobao.org/safe-buffer/download/safe-buffer-5.2.0.tgz",
      "integrity": "sha1-t02uxJsRSPiMZLaNSbHoFcHy9Rk=",
      "dev": true
    },
    "safer-buffer": {
      "version": "2.1.2",
      "resolved": "https://registry.npm.taobao.org/safer-buffer/download/safer-buffer-2.1.2.tgz",
      "integrity": "sha1-RPoWGwGHuVSd2Eu5GAL5vYOFzWo="
    },
    "semver": {
      "version": "6.3.0",
      "resolved": "https://registry.npm.taobao.org/semver/download/semver-6.3.0.tgz",
      "integrity": "sha1-7gpkyK9ejO6mdoexM3YeG+y9HT0=",
      "dev": true
    },
    "side-channel": {
      "version": "1.0.4",
      "resolved": "https://registry.npmmirror.com/side-channel/-/side-channel-1.0.4.tgz",
      "integrity": "sha512-q5XPytqFEIKHkGdiMIrY10mvLRvnQh42/+GoBlFW3b2LXLE2xxJpZFdm94we0BaoV3RwJyGqg5wS7epxTv0Zvw==",
      "dev": true,
      "requires": {
        "call-bind": "^1.0.0",
        "get-intrinsic": "^1.0.2",
        "object-inspect": "^1.9.0"
      }
    },
    "string_decoder": {
      "version": "1.3.0",
      "resolved": "https://registry.npm.taobao.org/string_decoder/download/string_decoder-1.3.0.tgz",
      "integrity": "sha1-QvEUWUpGzxqOMLCoT1bHjD7awh4=",
      "dev": true,
      "requires": {
        "safe-buffer": "~5.2.0"
      }
    },
    "superagent": {
      "version": "5.2.1",
      "resolved": "https://registry.npm.taobao.org/superagent/download/superagent-5.2.1.tgz",
      "integrity": "sha1-n1+GtwW+CGWowbm83lM6t3c/9jo=",
      "dev": true,
      "requires": {
        "component-emitter": "^1.3.0",
        "cookiejar": "^2.1.2",
        "debug": "^4.1.1",
        "fast-safe-stringify": "^2.0.7",
        "form-data": "^3.0.0",
        "formidable": "^1.2.1",
        "methods": "^1.1.2",
        "mime": "^2.4.4",
        "qs": "^6.9.1",
        "readable-stream": "^3.4.0",
        "semver": "^6.3.0"
      }
    },
    "superagent-charset": {
      "version": "1.2.0",
      "resolved": "https://registry.npm.taobao.org/superagent-charset/download/superagent-charset-1.2.0.tgz",
      "integrity": "sha1-nuulqSdfbxzT1rE4YflEY/PDo0g=",
      "requires": {
        "iconv-lite": "^0.4.16"
      }
    },
    "typescript": {
      "version": "3.7.5",
      "resolved": "https://registry.npm.taobao.org/typescript/download/typescript-3.7.5.tgz",
      "integrity": "sha1-BpLiH2X9QQi5MwI4qsEd0uF3oa4=",
      "dev": true
    },
    "util-deprecate": {
      "version": "1.0.2",
      "resolved": "https://registry.npm.taobao.org/util-deprecate/download/util-deprecate-1.0.2.tgz",
      "integrity": "sha1-RQ1Nyfpw3nMnYvvS1KKJgUGaDM8=",
      "dev": true
    }
  }
}
